
Microsoft Visual Studio Solution File, Format Version 12.00
# Visual Studio Version 16
VisualStudioVersion = 16.0.29503.13
MinimumVisualStudioVersion = 10.0.40219.1
Project("{FAE04EC0-301F-11D3-BF4B-00C04F79EFBC}") = "BroadcastServer", "BroadcastServer.csproj", "{AA1E07E2-7572-453D-B37E-B6E8D9E29842}"
EndProject
Global
	GlobalSection(SolutionConfigurationPlatforms) = preSolution
		Debug|Any CPU = Debug|Any CPU
		Release|Any CPU = Release|Any CPU
	EndGlobalSection
	GlobalSection(ProjectConfigurationPlatforms) = postSolution
		{AA1E07E2-7572-453D-B37E-B6E8D9E29842}.Debug|Any CPU.ActiveCfg = Debug|Any CPU
		{AA1E07E2-7572-453D-B37E-B6E8D9E29842}.Debug|Any CPU.Build.0 = Debug|Any CPU
		{AA1E07E2-7572-453D-B37E-B6E8D9E29842}.Release|Any CPU.ActiveCfg = Release|Any CPU
		{AA1E07E2-7572-453D-B37E-B6E8D9E29842}.Release|Any CPU.Build.0 = Release|Any CPU
	EndGlobalSection
	GlobalSection(SolutionProperties) = preSolution
		HideSolutionNode = FALSE
	EndGlobalSection
	GlobalSection(ExtensibilityGlobals) = postSolution
		SolutionGuid = {C61F1E40-7F8D-4FC0-8C08-5A43F2B3EEC9}
	EndGlobalSection
EndGlobal
